
Microsoft Visual Studio Solution File, Format Version 12.00
# Visual Studio Version 16
VisualStudioVersion = 16.0.28803.202
MinimumVisualStudioVersion = 10.0.40219.1
Project("{FAE04EC0-301F-11D3-BF4B-00C04F79EFBC}") = "Clases", "Clases\Clases.csproj", "{5C4D6B53-DB15-4DDF-915E-9837A6A5D89C}"
EndProject
Global
	GlobalSection(SolutionConfigurationPlatforms) = preSolution
		Debug|Any CPU = Debug|Any CPU
		Release|Any CPU = Release|Any CPU
	EndGlobalSection
	GlobalSection(ProjectConfigurationPlatforms) = postSolution
		{5C4D6B53-DB15-4DDF-915E-9837A6A5D89C}.Debug|Any CPU.ActiveCfg = Debug|Any CPU
		{5C4D6B53-DB15-4DDF-915E-9837A6A5D89C}.Debug|Any CPU.Build.0 = Debug|Any CPU
		{5C4D6B53-DB15-4DDF-915E-9837A6A5D89C}.Release|Any CPU.ActiveCfg = Release|Any CPU
		{5C4D6B53-DB15-4DDF-915E-9837A6A5D89C}.Release|Any CPU.Build.0 = Release|Any CPU
	EndGlobalSection
	GlobalSection(SolutionProperties) = preSolution
		HideSolutionNode = FALSE
	EndGlobalSection
	GlobalSection(ExtensibilityGlobals) = postSolution
		SolutionGuid = {B16FB076-E80B-4585-BEFA-CB6576982976}
	EndGlobalSection
EndGlobal
